{
  "lockfile_version": "1",
  "packages": {
    "erlang@latest": {
      "last_modified": "2024-12-26T01:25:00Z",
      "resolved": "github:NixOS/nixpkgs/16e046229f3b4f53257973a5532bcbb72457d2f2#erlang",
      "source": "devbox-search",
      "version": "27.2",
      "systems": {
        "aarch64-darwin": {
          "outputs": [
            {
              "name": "out",
              "path": "/nix/store/6lg2nrxxd79s2k1ij4hsvfgiwhbisy5v-erlang-27.2",
              "default": true
            }
          ],
          "store_path": "/nix/store/6lg2nrxxd79s2k1ij4hsvfgiwhbisy5v-erlang-27.2"
        },
        "aarch64-linux": {
          "outputs": [
            {
              "name": "out",
              "path": "/nix/store/swym0vp55ayg9yv2zp18dzybq66y267l-erlang-27.2",
              "default": true
            }
          ],
          "store_path": "/nix/store/swym0vp55ayg9yv2zp18dzybq66y267l-erlang-27.2"
        },
        "x86_64-darwin": {
          "outputs": [
            {
              "name": "out",
              "path": "/nix/store/rlmwsbfv7pbxps28ap0hryf8yk3swiw4-erlang-27.2",
              "default": true
            }
          ],
          "store_path": "/nix/store/rlmwsbfv7pbxps28ap0hryf8yk3swiw4-erlang-27.2"
        },
        "x86_64-linux": {
          "outputs": [
            {
              "name": "out",
              "path": "/nix/store/186j3w6wqlqqc8c2sljxhw72ffvc5h0p-erlang-27.2",
              "default": true
            }
          ],
          "store_path": "/nix/store/186j3w6wqlqqc8c2sljxhw72ffvc5h0p-erlang-27.2"
        }
      }
    },
    "gleam@latest": {
      "last_modified": "2025-01-25T23:17:58Z",
      "resolved": "github:NixOS/nixpkgs/b582bb5b0d7af253b05d58314b85ab8ec46b8d19#gleam",
      "source": "devbox-search",
      "version": "1.7.0",
      "systems": {
        "aarch64-darwin": {
          "outputs": [
            {
              "name": "out",
              "path": "/nix/store/9byiw2gl4q2csamls2xg4c3b33klsjhy-gleam-1.7.0",
              "default": true
            }
          ],
          "store_path": "/nix/store/9byiw2gl4q2csamls2xg4c3b33klsjhy-gleam-1.7.0"
        },
        "aarch64-linux": {
          "outputs": [
            {
              "name": "out",
              "path": "/nix/store/i8hlp4wf9jrn6jx96dmjbb60qkc4s5dx-gleam-1.7.0",
              "default": true
            }
          ],
          "store_path": "/nix/store/i8hlp4wf9jrn6jx96dmjbb60qkc4s5dx-gleam-1.7.0"
        },
        "x86_64-darwin": {
          "outputs": [
            {
              "name": "out",
              "path": "/nix/store/cjvgkr2p8farlg49blwrqj7bf5m339pk-gleam-1.7.0",
              "default": true
            }
          ],
          "store_path": "/nix/store/cjvgkr2p8farlg49blwrqj7bf5m339pk-gleam-1.7.0"
        },
        "x86_64-linux": {
          "outputs": [
            {
              "name": "out",
              "path": "/nix/store/kn2dnjp6ggnnvf1lbi0bagqvx143lfz2-gleam-1.7.0",
              "default": true
            }
          ],
          "store_path": "/nix/store/kn2dnjp6ggnnvf1lbi0bagqvx143lfz2-gleam-1.7.0"
        }
      }
    }
  }
}
